// !$*UTF8*$!
{
	archiveVersion = 1;
	classes = {
	};
	objectVersion = 46;
	objects = {

/* Begin PBXBuildFile section */
		1BDE644A1B0879E6006C744C /* AppDelegate.swift in Sources */ = {isa = PBXBuildFile; fileRef = 1BDE64491B0879E6006C744C /* AppDelegate.swift */; };
		1BDE644C1B0879E6006C744C /* ViewController.swift in Sources */ = {isa = PBXBuildFile; fileRef = 1BDE644B1B0879E6006C744C /* ViewController.swift */; };
		1BDE644F1B0879E6006C744C /* Main.storyboard in Resources */ = {isa = PBXBuildFile; fileRef = 1BDE644D1B0879E6006C744C /* Main.storyboard */; };
		1BDE64511B0879E6006C744C /* Images.xcassets in Resources */ = {isa = PBXBuildFile; fileRef = 1BDE64501B0879E6006C744C /* Images.xcassets */; };
		1BDE64541B0879E6006C744C /* LaunchScreen.xib in Resources */ = {isa = PBXBuildFile; fileRef = 1BDE64521B0879E6006C744C /* LaunchScreen.xib */; };
		1BDE64601B0879E6006C744C /* ItsuDareGameTests.swift in Sources */ = {isa = PBXBuildFile; fileRef = 1BDE645F1B0879E6006C744C /* ItsuDareGameTests.swift */; };
/* End PBXBuildFile section */

/* Begin PBXContainerItemProxy section */
		1BDE645A1B0879E6006C744C /* PBXContainerItemProxy */ = {
			isa = PBXContainerItemProxy;
			containerPortal = 1BDE643C1B0879E6006C744C /* Project object */;
			proxyType = 1;
			remoteGlobalIDString = 1BDE64431B0879E6006C744C;
			remoteInfo = ItsuDareGame;
		};
/* End PBXContainerItemProxy section */

/* Begin PBXFileReference section */
		1BDE64441B0879E6006C744C /* ItsuDareGame.app */ = {isa = PBXFileReference; explicitFileType = wrapper.application; includeInIndex = 0; path = ItsuDareGame.app; sourceTree = BUILT_PRODUCTS_DIR; };
		1BDE64481B0879E6006C744C /* Info.plist */ = {isa = PBXFileReference; lastKnownFileType = text.plist.xml; path = Info.plist; sourceTree = "<group>"; };
		1BDE64491B0879E6006C744C /* AppDelegate.swift */ = {isa = PBXFileReference; lastKnownFileType = sourcecode.swift; path = AppDelegate.swift; sourceTree = "<group>"; };
		1BDE644B1B0879E6006C744C /* ViewController.swift */ = {isa = PBXFileReference; lastKnownFileType = sourcecode.swift; path = ViewController.swift; sourceTree = "<group>"; };
		1BDE644E1B0879E6006C744C /* Base */ = {isa = PBXFileReference; lastKnownFileType = file.storyboard; name = Base; path = Base.lproj/Main.storyboard; sourceTree = "<group>"; };
		1BDE64501B0879E6006C744C /* Images.xcassets */ = {isa = PBXFileReference; lastKnownFileType = folder.assetcatalog; path = Images.xcassets; sourceTree = "<group>"; };
		1BDE64531B0879E6006C744C /* Base */ = {isa = PBXFileReference; lastKnownFileType = file.xib; name = Base; path = Base.lproj/LaunchScreen.xib; sourceTree = "<group>"; };
		1BDE64591B0879E6006C744C /* ItsuDareGameTests.xctest */ = {isa = PBXFileReference; explicitFileType = wrapper.cfbundle; includeInIndex = 0; path = ItsuDareGameTests.xctest; sourceTree = BUILT_PRODUCTS_DIR; };
		1BDE645E1B0879E6006C744C /* Info.plist */ = {isa = PBXFileReference; lastKnownFileType = text.plist.xml; path = Info.plist; sourceTree = "<group>"; };
		1BDE645F1B0879E6006C744C /* ItsuDareGameTests.swift */ = {isa = PBXFileReference; lastKnownFileType = sourcecode.swift; path = ItsuDareGameTests.swift; sourceTree = "<group>"; };
/* End PBXFileReference section */

/* Begin PBXFrameworksBuildPhase section */
		1BDE64411B0879E6006C744C /* Frameworks */ = {
			isa = PBXFrameworksBuildPhase;
			buildActionMask = 2147483647;
			files = (
			);
			runOnlyForDeploymentPostprocessing = 0;
		};
		1BDE64561B0879E6006C744C /* Frameworks */ = {
			isa = PBXFrameworksBuildPhase;
			buildActionMask = 2147483647;
			files = (
			);
			runOnlyForDeploymentPostprocessing = 0;
		};
/* End PBXFrameworksBuildPhase section */

/* Begin PBXGroup section */
		1BDE643B1B0879E6006C744C = {
			isa = PBXGroup;
			children = (
				1BDE64461B0879E6006C744C /* ItsuDareGame */,
				1BDE645C1B0879E6006C744C /* ItsuDareGameTests */,
				1BDE64451B0879E6006C744C /* Products */,
			);
			sourceTree = "<group>";
		};
		1BDE64451B0879E6006C744C /* Products */ = {
			isa = PBXGroup;
			children = (
				1BDE64441B0879E6006C744C /* ItsuDareGame.app */,
				1BDE64591B0879E6006C744C /* ItsuDareGameTests.xctest */,
			);
			name = Products;
			sourceTree = "<group>";
		};
		1BDE64461B0879E6006C744C /* ItsuDareGame */ = {
			isa = PBXGroup;
			children = (
				1BDE64491B0879E6006C744C /* AppDelegate.swift */,
				1BDE644B1B0879E6006C744C /* ViewController.swift */,
				1BDE644D1B0879E6006C744C /* Main.storyboard */,
				1BDE64501B0879E6006C744C /* Images.xcassets */,
				1BDE64521B0879E6006C744C /* LaunchScreen.xib */,
				1BDE64471B0879E6006C744C /* Supporting Files */,
			);
			path = ItsuDareGame;
			sourceTree = "<group>";
		};
		1BDE64471B0879E6006C744C /* Supporting Files */ = {
			isa = PBXGroup;
			children = (
				1BDE64481B0879E6006C744C /* Info.plist */,
			);
			name = "Supporting Files";
			sourceTree = "<group>";
		};
		1BDE645C1B0879E6006C744C /* ItsuDareGameTests */ = {
			isa = PBXGroup;
			children = (
				1BDE645F1B0879E6006C744C /* ItsuDareGameTests.swift */,
				1BDE645D1B0879E6006C744C /* Supporting Files */,
			);
			path = ItsuDareGameTests;
			sourceTree = "<group>";
		};
		1BDE645D1B0879E6006C744C /* Supporting Files */ = {
			isa = PBXGroup;
			children = (
				1BDE645E1B0879E6006C744C /* Info.plist */,
			);
			name = "Supporting Files";
			sourceTree = "<group>";
		};
/* End PBXGroup section */

/* Begin PBXNativeTarget section */
		1BDE64431B0879E6006C744C /* ItsuDareGame */ = {
			isa = PBXNativeTarget;
			buildConfigurationList = 1BDE64631B0879E6006C744C /* Build configuration list for PBXNativeTarget "ItsuDareGame" */;
			buildPhases = (
				1BDE64401B0879E6006C744C /* Sources */,
				1BDE64411B0879E6006C744C /* Frameworks */,
				1BDE64421B0879E6006C744C /* Resources */,
			);
			buildRules = (
			);
			dependencies = (
			);
			name = ItsuDareGame;
			productName = ItsuDareGame;
			productReference = 1BDE64441B0879E6006C744C /* ItsuDareGame.app */;
			productType = "com.apple.product-type.application";
		};
		1BDE64581B0879E6006C744C /* ItsuDareGameTests */ = {
			isa = PBXNativeTarget;
			buildConfigurationList = 1BDE64661B0879E6006C744C /* Build configuration list for PBXNativeTarget "ItsuDareGameTests" */;
			buildPhases = (
				1BDE64551B0879E6006C744C /* Sources */,
				1BDE64561B0879E6006C744C /* Frameworks */,
				1BDE64571B0879E6006C744C /* Resources */,
			);
			buildRules = (
			);
			dependencies = (
				1BDE645B1B0879E6006C744C /* PBXTargetDependency */,
			);
			name = ItsuDareGameTests;
			productName = ItsuDareGameTests;
			productReference = 1BDE64591B0879E6006C744C /* ItsuDareGameTests.xctest */;
			productType = "com.apple.product-type.bundle.unit-test";
		};
/* End PBXNativeTarget section */

/* Begin PBXProject section */
		1BDE643C1B0879E6006C744C /* Project object */ = {
			isa = PBXProject;
			attributes = {
				LastUpgradeCheck = 0610;
				ORGANIZATIONNAME = "岡本　隆誠";
				TargetAttributes = {
					1BDE64431B0879E6006C744C = {
						CreatedOnToolsVersion = 6.1;
					};
					1BDE64581B0879E6006C744C = {
						CreatedOnToolsVersion = 6.1;
						TestTargetID = 1BDE64431B0879E6006C744C;
					};
				};
			};
			buildConfigurationList = 1BDE643F1B0879E6006C744C /* Build configuration list for PBXProject "ItsuDareGame" */;
			compatibilityVersion = "Xcode 3.2";
			developmentRegion = English;
			hasScannedForEncodings = 0;
			knownRegions = (
				en,
				Base,
			);
			mainGroup = 1BDE643B1B0879E6006C744C;
			productRefGroup = 1BDE64451B0879E6006C744C /* Products */;
			projectDirPath = "";
			projectRoot = "";
			targets = (
				1BDE64431B0879E6006C744C /* ItsuDareGame */,
				1BDE64581B0879E6006C744C /* ItsuDareGameTests */,
			);
		};
/* End PBXProject section */

/* Begin PBXResourcesBuildPhase section */
		1BDE64421B0879E6006C744C /* Resources */ = {
			isa = PBXResourcesBuildPhase;
			buildActionMask = 2147483647;
			files = (
				1BDE644F1B0879E6006C744C /* Main.storyboard in Resources */,
				1BDE64541B0879E6006C744C /* LaunchScreen.xib in Resources */,
				1BDE64511B0879E6006C744C /* Images.xcassets in Resources */,
			);
			runOnlyForDeploymentPostprocessing = 0;
		};
		1BDE64571B0879E6006C744C /* Resources */ = {
			isa = PBXResourcesBuildPhase;
			buildActionMask = 2147483647;
			files = (
			);
			runOnlyForDeploymentPostprocessing = 0;
		};
/* End PBXResourcesBuildPhase section */

/* Begin PBXSourcesBuildPhase section */
		1BDE64401B0879E6006C744C /* Sources */ = {
			isa = PBXSourcesBuildPhase;
			buildActionMask = 2147483647;
			files = (
				1BDE644C1B0879E6006C744C /* ViewController.swift in Sources */,
				1BDE644A1B0879E6006C744C /* AppDelegate.swift in Sources */,
			);
			runOnlyForDeploymentPostprocessing = 0;
		};
		1BDE64551B0879E6006C744C /* Sources */ = {
			isa = PBXSourcesBuildPhase;
			buildActionMask = 2147483647;
			files = (
				1BDE64601B0879E6006C744C /* ItsuDareGameTests.swift in Sources */,
			);
			runOnlyForDeploymentPostprocessing = 0;
		};
/* End PBXSourcesBuildPhase section */

/* Begin PBXTargetDependency section */
		1BDE645B1B0879E6006C744C /* PBXTargetDependency */ = {
			isa = PBXTargetDependency;
			target = 1BDE64431B0879E6006C744C /* ItsuDareGame */;
			targetProxy = 1BDE645A1B0879E6006C744C /* PBXContainerItemProxy */;
		};
/* End PBXTargetDependency section */

/* Begin PBXVariantGroup section */
		1BDE644D1B0879E6006C744C /* Main.storyboard */ = {
			isa = PBXVariantGroup;
			children = (
				1BDE644E1B0879E6006C744C /* Base */,
			);
			name = Main.storyboard;
			sourceTree = "<group>";
		};
		1BDE64521B0879E6006C744C /* LaunchScreen.xib */ = {
			isa = PBXVariantGroup;
			children = (
				1BDE64531B0879E6006C744C /* Base */,
			);
			name = LaunchScreen.xib;
			sourceTree = "<group>";
		};
/* End PBXVariantGroup section */

/* Begin XCBuildConfiguration section */
		1BDE64611B0879E6006C744C /* Debug */ = {
			isa = XCBuildConfiguration;
			buildSettings = {
				ALWAYS_SEARCH_USER_PATHS = NO;
				CLANG_CXX_LANGUAGE_STANDARD = "gnu++0x";
				CLANG_CXX_LIBRARY = "libc++";
				CLANG_ENABLE_MODULES = YES;
				CLANG_ENABLE_OBJC_ARC = YES;
				CLANG_WARN_BOOL_CONVERSION = YES;
				CLANG_WARN_CONSTANT_CONVERSION = YES;
				CLANG_WARN_DIRECT_OBJC_ISA_USAGE = YES_ERROR;
				CLANG_WARN_EMPTY_BODY = YES;
				CLANG_WARN_ENUM_CONVERSION = YES;
				CLANG_WARN_INT_CONVERSION = YES;
				CLANG_WARN_OBJC_ROOT_CLASS = YES_ERROR;
				CLANG_WARN_UNREACHABLE_CODE = YES;
				CLANG_WARN__DUPLICATE_METHOD_MATCH = YES;
				"CODE_SIGN_IDENTITY[sdk=iphoneos*]" = "iPhone Developer";
				COPY_PHASE_STRIP = NO;
				ENABLE_STRICT_OBJC_MSGSEND = YES;
				GCC_C_LANGUAGE_STANDARD = gnu99;
				GCC_DYNAMIC_NO_PIC = NO;
				GCC_OPTIMIZATION_LEVEL = 0;
				GCC_PREPROCESSOR_DEFINITIONS = (
					"DEBUG=1",
					"$(inherited)",
				);
				GCC_SYMBOLS_PRIVATE_EXTERN = NO;
				GCC_WARN_64_TO_32_BIT_CONVERSION = YES;
				GCC_WARN_ABOUT_RETURN_TYPE = YES_ERROR;
				GCC_WARN_UNDECLARED_SELECTOR = YES;
				GCC_WARN_UNINITIALIZED_AUTOS = YES_AGGRESSIVE;
				GCC_WARN_UNUSED_FUNCTION = YES;
				GCC_WARN_UNUSED_VARIABLE = YES;
				IPHONEOS_DEPLOYMENT_TARGET = 8.1;
				MTL_ENABLE_DEBUG_INFO = YES;
				ONLY_ACTIVE_ARCH = YES;
				SDKROOT = iphoneos;
				SWIFT_OPTIMIZATION_LEVEL = "-Onone";
			};
			name = Debug;
		};
		1BDE64621B0879E6006C744C /* Release */ = {
			isa = XCBuildConfiguration;
			buildSettings = {
				ALWAYS_SEARCH_USER_PATHS = NO;
				CLANG_CXX_LANGUAGE_STANDARD = "gnu++0x";
				CLANG_CXX_LIBRARY = "libc++";
				CLANG_ENABLE_MODULES = YES;
				CLANG_ENABLE_OBJC_ARC = YES;
				CLANG_WARN_BOOL_CONVERSION = YES;
				CLANG_WARN_CONSTANT_CONVERSION = YES;
				CLANG_WARN_DIRECT_OBJC_ISA_USAGE = YES_ERROR;
				CLANG_WARN_EMPTY_BODY = YES;
				CLANG_WARN_ENUM_CONVERSION = YES;
				CLANG_WARN_INT_CONVERSION = YES;
				CLANG_WARN_OBJC_ROOT_CLASS = YES_ERROR;
				CLANG_WARN_UNREACHABLE_CODE = YES;
				CLANG_WARN__DUPLICATE_METHOD_MATCH = YES;
				"CODE_SIGN_IDENTITY[sdk=iphoneos*]" = "iPhone Developer";
				COPY_PHASE_STRIP = YES;
				ENABLE_NS_ASSERTIONS = NO;
				ENABLE_STRICT_OBJC_MSGSEND = YES;
				GCC_C_LANGUAGE_STANDARD = gnu99;
				GCC_WARN_64_TO_32_BIT_CONVERSION = YES;
				GCC_WARN_ABOUT_RETURN_TYPE = YES_ERROR;
				GCC_WARN_UNDECLARED_SELECTOR = YES;
				GCC_WARN_UNINITIALIZED_AUTOS = YES_AGGRESSIVE;
				GCC_WARN_UNUSED_FUNCTION = YES;
				GCC_WARN_UNUSED_VARIABLE = YES;
				IPHONEOS_DEPLOYMENT_TARGET = 8.1;
				MTL_ENABLE_DEBUG_INFO = NO;
				SDKROOT = iphoneos;
				VALIDATE_PRODUCT = YES;
			};
			name = Release;
		};
		1BDE64641B0879E6006C744C /* Debug */ = {
			isa = XCBuildConfiguration;
			buildSettings = {
				ASSETCATALOG_COMPILER_APPICON_NAME = AppIcon;
				INFOPLIST_FILE = ItsuDareGame/Info.plist;
				LD_RUNPATH_SEARCH_PATHS = "$(inherited) @executable_path/Frameworks";
				PRODUCT_NAME = "$(TARGET_NAME)";
			};
			name = Debug;
		};
		1BDE64651B0879E6006C744C /* Release */ = {
			isa = XCBuildConfiguration;
			buildSettings = {
				ASSETCATALOG_COMPILER_APPICON_NAME = AppIcon;
				INFOPLIST_FILE = ItsuDareGame/Info.plist;
				LD_RUNPATH_SEARCH_PATHS = "$(inherited) @executable_path/Frameworks";
				PRODUCT_NAME = "$(TARGET_NAME)";
			};
			name = Release;
		};
		1BDE64671B0879E6006C744C /* Debug */ = {
			isa = XCBuildConfiguration;
			buildSettings = {
				BUNDLE_LOADER = "$(TEST_HOST)";
				FRAMEWORK_SEARCH_PATHS = (
					"$(SDKROOT)/Developer/Library/Frameworks",
					"$(inherited)",
				);
				GCC_PREPROCESSOR_DEFINITIONS = (
					"DEBUG=1",
					"$(inherited)",
				);
				INFOPLIST_FILE = ItsuDareGameTests/Info.plist;
				LD_RUNPATH_SEARCH_PATHS = "$(inherited) @executable_path/Frameworks @loader_path/Frameworks";
				PRODUCT_NAME = "$(TARGET_NAME)";
				TEST_HOST = "$(BUILT_PRODUCTS_DIR)/ItsuDareGame.app/ItsuDareGame";
			};
			name = Debug;
		};
		1BDE64681B0879E6006C744C /* Release */ = {
			isa = XCBuildConfiguration;
			buildSettings = {
				BUNDLE_LOADER = "$(TEST_HOST)";
				FRAMEWORK_SEARCH_PATHS = (
					"$(SDKROOT)/Developer/Library/Frameworks",
					"$(inherited)",
				);
				INFOPLIST_FILE = ItsuDareGameTests/Info.plist;
				LD_RUNPATH_SEARCH_PATHS = "$(inherited) @executable_path/Frameworks @loader_path/Frameworks";
				PRODUCT_NAME = "$(TARGET_NAME)";
				TEST_HOST = "$(BUILT_PRODUCTS_DIR)/ItsuDareGame.app/ItsuDareGame";
			};
			name = Release;
		};
/* End XCBuildConfiguration section */

/* Begin XCConfigurationList section */
		1BDE643F1B0879E6006C744C /* Build configuration list for PBXProject "ItsuDareGame" */ = {
			isa = XCConfigurationList;
			buildConfigurations = (
				1BDE64611B0879E6006C744C /* Debug */,
				1BDE64621B0879E6006C744C /* Release */,
			);
			defaultConfigurationIsVisible = 0;
			defaultConfigurationName = Release;
		};
		1BDE64631B0879E6006C744C /* Build configuration list for PBXNativeTarget "ItsuDareGame" */ = {
			isa = XCConfigurationList;
			buildConfigurations = (
				1BDE64641B0879E6006C744C /* Debug */,
				1BDE64651B0879E6006C744C /* Release */,
			);
			defaultConfigurationIsVisible = 0;
		};
		1BDE64661B0879E6006C744C /* Build configuration list for PBXNativeTarget "ItsuDareGameTests" */ = {
			isa = XCConfigurationList;
			buildConfigurations = (
				1BDE64671B0879E6006C744C /* Debug */,
				1BDE64681B0879E6006C744C /* Release */,
			);
			defaultConfigurationIsVisible = 0;
		};
/* End XCConfigurationList section */
	};
	rootObject = 1BDE643C1B0879E6006C744C /* Project object */;
}
